# This file was autogenerated by Stack.
# You should not edit this file by hand.
# For more information, please see the documentation at:
#   https://docs.haskellstack.org/en/stable/lock_files

packages:
- completed:
    hackage: xml-conduit-writer-0.1.1.5@sha256:7b62f92e91d5f7c2c4440b2021d6b9309f9966598b110017b2cbcf3fcd1107df,1340
    pantry-tree:
      sha256: c7d0658555a2bbef4fecac9b7763d1acef7eac63f52dd15096f266776b7ce37e
      size: 278
  original:
    hackage: xml-conduit-writer-0.1.1.5@sha256:7b62f92e91d5f7c2c4440b2021d6b9309f9966598b110017b2cbcf3fcd1107df,1340
snapshots:
- completed:
    sha256: a81fb3877c4f9031e1325eb3935122e608d80715dc16b586eb11ddbff8671ecd
    size: 640086
    url: https://raw.githubusercontent.com/commercialhaskell/stackage-snapshots/master/lts/21/25.yaml
  original: lts-21.25
